
Microsoft Visual Studio Solution File, Format Version 12.00
# Visual Studio 15
VisualStudioVersion = 15.0.27004.2008
MinimumVisualStudioVersion = 10.0.40219.1
Project("{FAE04EC0-301F-11D3-BF4B-00C04F79EFBC}") = "CSDemo", "CSDemo\CSDemo.csproj", "{58EBABC0-BB16-438E-8F60-BD4F909D939D}"
EndProject
Project("{FAE04EC0-301F-11D3-BF4B-00C04F79EFBC}") = "KeefePOC", "KeefePOC\KeefePOC.csproj", "{FA51DB7C-F9E8-4D17-A85D-D9C3F0AB02EC}"
EndProject
Project("{FAE04EC0-301F-11D3-BF4B-00C04F79EFBC}") = "CSDemo.Business", "CSDemo.Business\CSDemo.Business.csproj", "{7A53A1FB-A83C-4893-B7F1-8F664510FEE8}"
EndProject
Global
	GlobalSection(SolutionConfigurationPlatforms) = preSolution
		Debug|Any CPU = Debug|Any CPU
		Release|Any CPU = Release|Any CPU
	EndGlobalSection
	GlobalSection(ProjectConfigurationPlatforms) = postSolution
		{58EBABC0-BB16-438E-8F60-BD4F909D939D}.Debug|Any CPU.ActiveCfg = Debug|Any CPU
		{58EBABC0-BB16-438E-8F60-BD4F909D939D}.Debug|Any CPU.Build.0 = Debug|Any CPU
		{58EBABC0-BB16-438E-8F60-BD4F909D939D}.Release|Any CPU.ActiveCfg = Debug|Any CPU
		{58EBABC0-BB16-438E-8F60-BD4F909D939D}.Release|Any CPU.Build.0 = Debug|Any CPU
		{FA51DB7C-F9E8-4D17-A85D-D9C3F0AB02EC}.Debug|Any CPU.ActiveCfg = Debug|Any CPU
		{FA51DB7C-F9E8-4D17-A85D-D9C3F0AB02EC}.Debug|Any CPU.Build.0 = Debug|Any CPU
		{FA51DB7C-F9E8-4D17-A85D-D9C3F0AB02EC}.Release|Any CPU.ActiveCfg = Release|Any CPU
		{FA51DB7C-F9E8-4D17-A85D-D9C3F0AB02EC}.Release|Any CPU.Build.0 = Release|Any CPU
		{7A53A1FB-A83C-4893-B7F1-8F664510FEE8}.Debug|Any CPU.ActiveCfg = Debug|Any CPU
		{7A53A1FB-A83C-4893-B7F1-8F664510FEE8}.Debug|Any CPU.Build.0 = Debug|Any CPU
		{7A53A1FB-A83C-4893-B7F1-8F664510FEE8}.Release|Any CPU.ActiveCfg = Release|Any CPU
		{7A53A1FB-A83C-4893-B7F1-8F664510FEE8}.Release|Any CPU.Build.0 = Release|Any CPU
	EndGlobalSection
	GlobalSection(SolutionProperties) = preSolution
		HideSolutionNode = FALSE
	EndGlobalSection
	GlobalSection(ExtensibilityGlobals) = postSolution
		SolutionGuid = {534A1B44-7DA7-4D24-A160-A2B8D85A9D28}
	EndGlobalSection
EndGlobal
